// !$*UTF8*$!
{
	archiveVersion = 1;
	classes = {
	};
	objectVersion = 50;
	objects = {

/* Begin PBXBuildFile section */
		8DFA62E2271E04150026A422 /* AppDelegate.swift in Sources */ = {isa = PBXBuildFile; fileRef = 8DFA62E1271E04150026A422 /* AppDelegate.swift */; };
		8DFA62E4271E04150026A422 /* SceneDelegate.swift in Sources */ = {isa = PBXBuildFile; fileRef = 8DFA62E3271E04150026A422 /* SceneDelegate.swift */; };
		8DFA62E6271E04150026A422 /* ViewController.swift in Sources */ = {isa = PBXBuildFile; fileRef = 8DFA62E5271E04150026A422 /* ViewController.swift */; };
		8DFA62E9271E04150026A422 /* Main.storyboard in Resources */ = {isa = PBXBuildFile; fileRef = 8DFA62E7271E04150026A422 /* Main.storyboard */; };
		8DFA62EB271E04170026A422 /* Assets.xcassets in Resources */ = {isa = PBXBuildFile; fileRef = 8DFA62EA271E04170026A422 /* Assets.xcassets */; };
		8DFA62EE271E04170026A422 /* LaunchScreen.storyboard in Resources */ = {isa = PBXBuildFile; fileRef = 8DFA62EC271E04170026A422 /* LaunchScreen.storyboard */; };
		8DFA62F9271E04170026A422 /* InventoryTests.swift in Sources */ = {isa = PBXBuildFile; fileRef = 8DFA62F8271E04170026A422 /* InventoryTests.swift */; };
		8DFA6304271E04170026A422 /* InventoryUITests.swift in Sources */ = {isa = PBXBuildFile; fileRef = 8DFA6303271E04170026A422 /* InventoryUITests.swift */; };
/* End PBXBuildFile section */

/* Begin PBXContainerItemProxy section */
		8DFA62F5271E04170026A422 /* PBXContainerItemProxy */ = {
			isa = PBXContainerItemProxy;
			containerPortal = 8DFA62D6271E04150026A422 /* Project object */;
			proxyType = 1;
			remoteGlobalIDString = 8DFA62DD271E04150026A422;
			remoteInfo = Inventory;
		};
		8DFA6300271E04170026A422 /* PBXContainerItemProxy */ = {
			isa = PBXContainerItemProxy;
			containerPortal = 8DFA62D6271E04150026A422 /* Project object */;
			proxyType = 1;
			remoteGlobalIDString = 8DFA62DD271E04150026A422;
			remoteInfo = Inventory;
		};
/* End PBXContainerItemProxy section */

/* Begin PBXFileReference section */
		8DFA62DE271E04150026A422 /* Inventory.app */ = {isa = PBXFileReference; explicitFileType = wrapper.application; includeInIndex = 0; path = Inventory.app; sourceTree = BUILT_PRODUCTS_DIR; };
		8DFA62E1271E04150026A422 /* AppDelegate.swift */ = {isa = PBXFileReference; lastKnownFileType = sourcecode.swift; path = AppDelegate.swift; sourceTree = "<group>"; };
		8DFA62E3271E04150026A422 /* SceneDelegate.swift */ = {isa = PBXFileReference; lastKnownFileType = sourcecode.swift; path = SceneDelegate.swift; sourceTree = "<group>"; };
		8DFA62E5271E04150026A422 /* ViewController.swift */ = {isa = PBXFileReference; lastKnownFileType = sourcecode.swift; path = ViewController.swift; sourceTree = "<group>"; };
		8DFA62E8271E04150026A422 /* Base */ = {isa = PBXFileReference; lastKnownFileType = file.storyboard; name = Base; path = Base.lproj/Main.storyboard; sourceTree = "<group>"; };
		8DFA62EA271E04170026A422 /* Assets.xcassets */ = {isa = PBXFileReference; lastKnownFileType = folder.assetcatalog; path = Assets.xcassets; sourceTree = "<group>"; };
		8DFA62ED271E04170026A422 /* Base */ = {isa = PBXFileReference; lastKnownFileType = file.storyboard; name = Base; path = Base.lproj/LaunchScreen.storyboard; sourceTree = "<group>"; };
		8DFA62EF271E04170026A422 /* Info.plist */ = {isa = PBXFileReference; lastKnownFileType = text.plist.xml; path = Info.plist; sourceTree = "<group>"; };
		8DFA62F4271E04170026A422 /* InventoryTests.xctest */ = {isa = PBXFileReference; explicitFileType = wrapper.cfbundle; includeInIndex = 0; path = InventoryTests.xctest; sourceTree = BUILT_PRODUCTS_DIR; };
		8DFA62F8271E04170026A422 /* InventoryTests.swift */ = {isa = PBXFileReference; lastKnownFileType = sourcecode.swift; path = InventoryTests.swift; sourceTree = "<group>"; };
		8DFA62FA271E04170026A422 /* Info.plist */ = {isa = PBXFileReference; lastKnownFileType = text.plist.xml; path = Info.plist; sourceTree = "<group>"; };
		8DFA62FF271E04170026A422 /* InventoryUITests.xctest */ = {isa = PBXFileReference; explicitFileType = wrapper.cfbundle; includeInIndex = 0; path = InventoryUITests.xctest; sourceTree = BUILT_PRODUCTS_DIR; };
		8DFA6303271E04170026A422 /* InventoryUITests.swift */ = {isa = PBXFileReference; lastKnownFileType = sourcecode.swift; path = InventoryUITests.swift; sourceTree = "<group>"; };
		8DFA6305271E04170026A422 /* Info.plist */ = {isa = PBXFileReference; lastKnownFileType = text.plist.xml; path = Info.plist; sourceTree = "<group>"; };
/* End PBXFileReference section */

/* Begin PBXFrameworksBuildPhase section */
		8DFA62DB271E04150026A422 /* Frameworks */ = {
			isa = PBXFrameworksBuildPhase;
			buildActionMask = 2147483647;
			files = (
			);
			runOnlyForDeploymentPostprocessing = 0;
		};
		8DFA62F1271E04170026A422 /* Frameworks */ = {
			isa = PBXFrameworksBuildPhase;
			buildActionMask = 2147483647;
			files = (
			);
			runOnlyForDeploymentPostprocessing = 0;
		};
		8DFA62FC271E04170026A422 /* Frameworks */ = {
			isa = PBXFrameworksBuildPhase;
			buildActionMask = 2147483647;
			files = (
			);
			runOnlyForDeploymentPostprocessing = 0;
		};
/* End PBXFrameworksBuildPhase section */

/* Begin PBXGroup section */
		8DFA62D5271E04150026A422 = {
			isa = PBXGroup;
			children = (
				8DFA62E0271E04150026A422 /* Inventory */,
				8DFA62F7271E04170026A422 /* InventoryTests */,
				8DFA6302271E04170026A422 /* InventoryUITests */,
				8DFA62DF271E04150026A422 /* Products */,
			);
			sourceTree = "<group>";
		};
		8DFA62DF271E04150026A422 /* Products */ = {
			isa = PBXGroup;
			children = (
				8DFA62DE271E04150026A422 /* Inventory.app */,
				8DFA62F4271E04170026A422 /* InventoryTests.xctest */,
				8DFA62FF271E04170026A422 /* InventoryUITests.xctest */,
			);
			name = Products;
			sourceTree = "<group>";
		};
		8DFA62E0271E04150026A422 /* Inventory */ = {
			isa = PBXGroup;
			children = (
				8DFA62E1271E04150026A422 /* AppDelegate.swift */,
				8DFA62E3271E04150026A422 /* SceneDelegate.swift */,
				8DFA62E5271E04150026A422 /* ViewController.swift */,
				8DFA62E7271E04150026A422 /* Main.storyboard */,
				8DFA62EA271E04170026A422 /* Assets.xcassets */,
				8DFA62EC271E04170026A422 /* LaunchScreen.storyboard */,
				8DFA62EF271E04170026A422 /* Info.plist */,
			);
			path = Inventory;
			sourceTree = "<group>";
		};
		8DFA62F7271E04170026A422 /* InventoryTests */ = {
			isa = PBXGroup;
			children = (
				8DFA62F8271E04170026A422 /* InventoryTests.swift */,
				8DFA62FA271E04170026A422 /* Info.plist */,
			);
			path = InventoryTests;
			sourceTree = "<group>";
		};
		8DFA6302271E04170026A422 /* InventoryUITests */ = {
			isa = PBXGroup;
			children = (
				8DFA6303271E04170026A422 /* InventoryUITests.swift */,
				8DFA6305271E04170026A422 /* Info.plist */,
			);
			path = InventoryUITests;
			sourceTree = "<group>";
		};
/* End PBXGroup section */

/* Begin PBXNativeTarget section */
		8DFA62DD271E04150026A422 /* Inventory */ = {
			isa = PBXNativeTarget;
			buildConfigurationList = 8DFA6308271E04170026A422 /* Build configuration list for PBXNativeTarget "Inventory" */;
			buildPhases = (
				8DFA62DA271E04150026A422 /* Sources */,
				8DFA62DB271E04150026A422 /* Frameworks */,
				8DFA62DC271E04150026A422 /* Resources */,
			);
			buildRules = (
			);
			dependencies = (
			);
			name = Inventory;
			productName = Inventory;
			productReference = 8DFA62DE271E04150026A422 /* Inventory.app */;
			productType = "com.apple.product-type.application";
		};
		8DFA62F3271E04170026A422 /* InventoryTests */ = {
			isa = PBXNativeTarget;
			buildConfigurationList = 8DFA630B271E04170026A422 /* Build configuration list for PBXNativeTarget "InventoryTests" */;
			buildPhases = (
				8DFA62F0271E04170026A422 /* Sources */,
				8DFA62F1271E04170026A422 /* Frameworks */,
				8DFA62F2271E04170026A422 /* Resources */,
			);
			buildRules = (
			);
			dependencies = (
				8DFA62F6271E04170026A422 /* PBXTargetDependency */,
			);
			name = InventoryTests;
			productName = InventoryTests;
			productReference = 8DFA62F4271E04170026A422 /* InventoryTests.xctest */;
			productType = "com.apple.product-type.bundle.unit-test";
		};
		8DFA62FE271E04170026A422 /* InventoryUITests */ = {
			isa = PBXNativeTarget;
			buildConfigurationList = 8DFA630E271E04170026A422 /* Build configuration list for PBXNativeTarget "InventoryUITests" */;
			buildPhases = (
				8DFA62FB271E04170026A422 /* Sources */,
				8DFA62FC271E04170026A422 /* Frameworks */,
				8DFA62FD271E04170026A422 /* Resources */,
			);
			buildRules = (
			);
			dependencies = (
				8DFA6301271E04170026A422 /* PBXTargetDependency */,
			);
			name = InventoryUITests;
			productName = InventoryUITests;
			productReference = 8DFA62FF271E04170026A422 /* InventoryUITests.xctest */;
			productType = "com.apple.product-type.bundle.ui-testing";
		};
/* End PBXNativeTarget section */

/* Begin PBXProject section */
		8DFA62D6271E04150026A422 /* Project object */ = {
			isa = PBXProject;
			attributes = {
				LastSwiftUpdateCheck = 1250;
				LastUpgradeCheck = 1250;
				TargetAttributes = {
					8DFA62DD271E04150026A422 = {
						CreatedOnToolsVersion = 12.5.1;
					};
					8DFA62F3271E04170026A422 = {
						CreatedOnToolsVersion = 12.5.1;
						TestTargetID = 8DFA62DD271E04150026A422;
					};
					8DFA62FE271E04170026A422 = {
						CreatedOnToolsVersion = 12.5.1;
						TestTargetID = 8DFA62DD271E04150026A422;
					};
				};
			};
			buildConfigurationList = 8DFA62D9271E04150026A422 /* Build configuration list for PBXProject "Inventory" */;
			compatibilityVersion = "Xcode 9.3";
			developmentRegion = en;
			hasScannedForEncodings = 0;
			knownRegions = (
				en,
				Base,
			);
			mainGroup = 8DFA62D5271E04150026A422;
			productRefGroup = 8DFA62DF271E04150026A422 /* Products */;
			projectDirPath = "";
			projectRoot = "";
			targets = (
				8DFA62DD271E04150026A422 /* Inventory */,
				8DFA62F3271E04170026A422 /* InventoryTests */,
				8DFA62FE271E04170026A422 /* InventoryUITests */,
			);
		};
/* End PBXProject section */

/* Begin PBXResourcesBuildPhase section */
		8DFA62DC271E04150026A422 /* Resources */ = {
			isa = PBXResourcesBuildPhase;
			buildActionMask = 2147483647;
			files = (
				8DFA62EE271E04170026A422 /* LaunchScreen.storyboard in Resources */,
				8DFA62EB271E04170026A422 /* Assets.xcassets in Resources */,
				8DFA62E9271E04150026A422 /* Main.storyboard in Resources */,
			);
			runOnlyForDeploymentPostprocessing = 0;
		};
		8DFA62F2271E04170026A422 /* Resources */ = {
			isa = PBXResourcesBuildPhase;
			buildActionMask = 2147483647;
			files = (
			);
			runOnlyForDeploymentPostprocessing = 0;
		};
		8DFA62FD271E04170026A422 /* Resources */ = {
			isa = PBXResourcesBuildPhase;
			buildActionMask = 2147483647;
			files = (
			);
			runOnlyForDeploymentPostprocessing = 0;
		};
/* End PBXResourcesBuildPhase section */

/* Begin PBXSourcesBuildPhase section */
		8DFA62DA271E04150026A422 /* Sources */ = {
			isa = PBXSourcesBuildPhase;
			buildActionMask = 2147483647;
			files = (
				8DFA62E6271E04150026A422 /* ViewController.swift in Sources */,
				8DFA62E2271E04150026A422 /* AppDelegate.swift in Sources */,
				8DFA62E4271E04150026A422 /* SceneDelegate.swift in Sources */,
			);
			runOnlyForDeploymentPostprocessing = 0;
		};
		8DFA62F0271E04170026A422 /* Sources */ = {
			isa = PBXSourcesBuildPhase;
			buildActionMask = 2147483647;
			files = (
				8DFA62F9271E04170026A422 /* InventoryTests.swift in Sources */,
			);
			runOnlyForDeploymentPostprocessing = 0;
		};
		8DFA62FB271E04170026A422 /* Sources */ = {
			isa = PBXSourcesBuildPhase;
			buildActionMask = 2147483647;
			files = (
				8DFA6304271E04170026A422 /* InventoryUITests.swift in Sources */,
			);
			runOnlyForDeploymentPostprocessing = 0;
		};
/* End PBXSourcesBuildPhase section */

/* Begin PBXTargetDependency section */
		8DFA62F6271E04170026A422 /* PBXTargetDependency */ = {
			isa = PBXTargetDependency;
			target = 8DFA62DD271E04150026A422 /* Inventory */;
			targetProxy = 8DFA62F5271E04170026A422 /* PBXContainerItemProxy */;
		};
		8DFA6301271E04170026A422 /* PBXTargetDependency */ = {
			isa = PBXTargetDependency;
			target = 8DFA62DD271E04150026A422 /* Inventory */;
			targetProxy = 8DFA6300271E04170026A422 /* PBXContainerItemProxy */;
		};
/* End PBXTargetDependency section */

/* Begin PBXVariantGroup section */
		8DFA62E7271E04150026A422 /* Main.storyboard */ = {
			isa = PBXVariantGroup;
			children = (
				8DFA62E8271E04150026A422 /* Base */,
			);
			name = Main.storyboard;
			sourceTree = "<group>";
		};
		8DFA62EC271E04170026A422 /* LaunchScreen.storyboard */ = {
			isa = PBXVariantGroup;
			children = (
				8DFA62ED271E04170026A422 /* Base */,
			);
			name = LaunchScreen.storyboard;
			sourceTree = "<group>";
		};
/* End PBXVariantGroup section */

/* Begin XCBuildConfiguration section */
		8DFA6306271E04170026A422 /* Debug */ = {
			isa = XCBuildConfiguration;
			buildSettings = {
				ALWAYS_SEARCH_USER_PATHS = NO;
				CLANG_ANALYZER_NONNULL = YES;
				CLANG_ANALYZER_NUMBER_OBJECT_CONVERSION = YES_AGGRESSIVE;
				CLANG_CXX_LANGUAGE_STANDARD = "gnu++14";
				CLANG_CXX_LIBRARY = "libc++";
				CLANG_ENABLE_MODULES = YES;
				CLANG_ENABLE_OBJC_ARC = YES;
				CLANG_ENABLE_OBJC_WEAK = YES;
				CLANG_WARN_BLOCK_CAPTURE_AUTORELEASING = YES;
				CLANG_WARN_BOOL_CONVERSION = YES;
				CLANG_WARN_COMMA = YES;
				CLANG_WARN_CONSTANT_CONVERSION = YES;
				CLANG_WARN_DEPRECATED_OBJC_IMPLEMENTATIONS = YES;
				CLANG_WARN_DIRECT_OBJC_ISA_USAGE = YES_ERROR;
				CLANG_WARN_DOCUMENTATION_COMMENTS = YES;
				CLANG_WARN_EMPTY_BODY = YES;
				CLANG_WARN_ENUM_CONVERSION = YES;
				CLANG_WARN_INFINITE_RECURSION = YES;
				CLANG_WARN_INT_CONVERSION = YES;
				CLANG_WARN_NON_LITERAL_NULL_CONVERSION = YES;
				CLANG_WARN_OBJC_IMPLICIT_RETAIN_SELF = YES;
				CLANG_WARN_OBJC_LITERAL_CONVERSION = YES;
				CLANG_WARN_OBJC_ROOT_CLASS = YES_ERROR;
				CLANG_WARN_QUOTED_INCLUDE_IN_FRAMEWORK_HEADER = YES;
				CLANG_WARN_RANGE_LOOP_ANALYSIS = YES;
				CLANG_WARN_STRICT_PROTOTYPES = YES;
				CLANG_WARN_SUSPICIOUS_MOVE = YES;
				CLANG_WARN_UNGUARDED_AVAILABILITY = YES_AGGRESSIVE;
				CLANG_WARN_UNREACHABLE_CODE = YES;
				CLANG_WARN__DUPLICATE_METHOD_MATCH = YES;
				COPY_PHASE_STRIP = NO;
				DEBUG_INFORMATION_FORMAT = dwarf;
				ENABLE_STRICT_OBJC_MSGSEND = YES;
				ENABLE_TESTABILITY = YES;
				GCC_C_LANGUAGE_STANDARD = gnu11;
				GCC_DYNAMIC_NO_PIC = NO;
				GCC_NO_COMMON_BLOCKS = YES;
				GCC_OPTIMIZATION_LEVEL = 0;
				GCC_PREPROCESSOR_DEFINITIONS = (
					"DEBUG=1",
					"$(inherited)",
				);
				GCC_WARN_64_TO_32_BIT_CONVERSION = YES;
				GCC_WARN_ABOUT_RETURN_TYPE = YES_ERROR;
				GCC_WARN_UNDECLARED_SELECTOR = YES;
				GCC_WARN_UNINITIALIZED_AUTOS = YES_AGGRESSIVE;
				GCC_WARN_UNUSED_FUNCTION = YES;
				GCC_WARN_UNUSED_VARIABLE = YES;
				IPHONEOS_DEPLOYMENT_TARGET = 14.5;
				MTL_ENABLE_DEBUG_INFO = INCLUDE_SOURCE;
				MTL_FAST_MATH = YES;
				ONLY_ACTIVE_ARCH = YES;
				SDKROOT = iphoneos;
				SWIFT_ACTIVE_COMPILATION_CONDITIONS = DEBUG;
				SWIFT_OPTIMIZATION_LEVEL = "-Onone";
			};
			name = Debug;
		};
		8DFA6307271E04170026A422 /* Release */ = {
			isa = XCBuildConfiguration;
			buildSettings = {
				ALWAYS_SEARCH_USER_PATHS = NO;
				CLANG_ANALYZER_NONNULL = YES;
				CLANG_ANALYZER_NUMBER_OBJECT_CONVERSION = YES_AGGRESSIVE;
				CLANG_CXX_LANGUAGE_STANDARD = "gnu++14";
				CLANG_CXX_LIBRARY = "libc++";
				CLANG_ENABLE_MODULES = YES;
				CLANG_ENABLE_OBJC_ARC = YES;
				CLANG_ENABLE_OBJC_WEAK = YES;
				CLANG_WARN_BLOCK_CAPTURE_AUTORELEASING = YES;
				CLANG_WARN_BOOL_CONVERSION = YES;
				CLANG_WARN_COMMA = YES;
				CLANG_WARN_CONSTANT_CONVERSION = YES;
				CLANG_WARN_DEPRECATED_OBJC_IMPLEMENTATIONS = YES;
				CLANG_WARN_DIRECT_OBJC_ISA_USAGE = YES_ERROR;
				CLANG_WARN_DOCUMENTATION_COMMENTS = YES;
				CLANG_WARN_EMPTY_BODY = YES;
				CLANG_WARN_ENUM_CONVERSION = YES;
				CLANG_WARN_INFINITE_RECURSION = YES;
				CLANG_WARN_INT_CONVERSION = YES;
				CLANG_WARN_NON_LITERAL_NULL_CONVERSION = YES;
				CLANG_WARN_OBJC_IMPLICIT_RETAIN_SELF = YES;
				CLANG_WARN_OBJC_LITERAL_CONVERSION = YES;
				CLANG_WARN_OBJC_ROOT_CLASS = YES_ERROR;
				CLANG_WARN_QUOTED_INCLUDE_IN_FRAMEWORK_HEADER = YES;
				CLANG_WARN_RANGE_LOOP_ANALYSIS = YES;
				CLANG_WARN_STRICT_PROTOTYPES = YES;
				CLANG_WARN_SUSPICIOUS_MOVE = YES;
				CLANG_WARN_UNGUARDED_AVAILABILITY = YES_AGGRESSIVE;
				CLANG_WARN_UNREACHABLE_CODE = YES;
				CLANG_WARN__DUPLICATE_METHOD_MATCH = YES;
				COPY_PHASE_STRIP = NO;
				DEBUG_INFORMATION_FORMAT = "dwarf-with-dsym";
				ENABLE_NS_ASSERTIONS = NO;
				ENABLE_STRICT_OBJC_MSGSEND = YES;
				GCC_C_LANGUAGE_STANDARD = gnu11;
				GCC_NO_COMMON_BLOCKS = YES;
				GCC_WARN_64_TO_32_BIT_CONVERSION = YES;
				GCC_WARN_ABOUT_RETURN_TYPE = YES_ERROR;
				GCC_WARN_UNDECLARED_SELECTOR = YES;
				GCC_WARN_UNINITIALIZED_AUTOS = YES_AGGRESSIVE;
				GCC_WARN_UNUSED_FUNCTION = YES;
				GCC_WARN_UNUSED_VARIABLE = YES;
				IPHONEOS_DEPLOYMENT_TARGET = 14.5;
				MTL_ENABLE_DEBUG_INFO = NO;
				MTL_FAST_MATH = YES;
				SDKROOT = iphoneos;
				SWIFT_COMPILATION_MODE = wholemodule;
				SWIFT_OPTIMIZATION_LEVEL = "-O";
				VALIDATE_PRODUCT = YES;
			};
			name = Release;
		};
		8DFA6309271E04170026A422 /* Debug */ = {
			isa = XCBuildConfiguration;
			buildSettings = {
				ASSETCATALOG_COMPILER_APPICON_NAME = AppIcon;
				ASSETCATALOG_COMPILER_GLOBAL_ACCENT_COLOR_NAME = AccentColor;
				CODE_SIGN_STYLE = Automatic;
				DEVELOPMENT_TEAM = E3FRN9JNGJ;
				INFOPLIST_FILE = Inventory/Info.plist;
				LD_RUNPATH_SEARCH_PATHS = (
					"$(inherited)",
					"@executable_path/Frameworks",
				);
				PRODUCT_BUNDLE_IDENTIFIER = com.costoda.cblite.Inventory;
				PRODUCT_NAME = "$(TARGET_NAME)";
				SWIFT_VERSION = 5.0;
				TARGETED_DEVICE_FAMILY = "1,2";
			};
			name = Debug;
		};
		8DFA630A271E04170026A422 /* Release */ = {
			isa = XCBuildConfiguration;
			buildSettings = {
				ASSETCATALOG_COMPILER_APPICON_NAME = AppIcon;
				ASSETCATALOG_COMPILER_GLOBAL_ACCENT_COLOR_NAME = AccentColor;
				CODE_SIGN_STYLE = Automatic;
				DEVELOPMENT_TEAM = E3FRN9JNGJ;
				INFOPLIST_FILE = Inventory/Info.plist;
				LD_RUNPATH_SEARCH_PATHS = (
					"$(inherited)",
					"@executable_path/Frameworks",
				);
				PRODUCT_BUNDLE_IDENTIFIER = com.costoda.cblite.Inventory;
				PRODUCT_NAME = "$(TARGET_NAME)";
				SWIFT_VERSION = 5.0;
				TARGETED_DEVICE_FAMILY = "1,2";
			};
			name = Release;
		};
		8DFA630C271E04170026A422 /* Debug */ = {
			isa = XCBuildConfiguration;
			buildSettings = {
				ALWAYS_EMBED_SWIFT_STANDARD_LIBRARIES = YES;
				BUNDLE_LOADER = "$(TEST_HOST)";
				CODE_SIGN_STYLE = Automatic;
				DEVELOPMENT_TEAM = E3FRN9JNGJ;
				INFOPLIST_FILE = InventoryTests/Info.plist;
				IPHONEOS_DEPLOYMENT_TARGET = 14.5;
				LD_RUNPATH_SEARCH_PATHS = (
					"$(inherited)",
					"@executable_path/Frameworks",
					"@loader_path/Frameworks",
				);
				PRODUCT_BUNDLE_IDENTIFIER = com.costoda.cblite.InventoryTests;
				PRODUCT_NAME = "$(TARGET_NAME)";
				SWIFT_VERSION = 5.0;
				TARGETED_DEVICE_FAMILY = "1,2";
				TEST_HOST = "$(BUILT_PRODUCTS_DIR)/Inventory.app/Inventory";
			};
			name = Debug;
		};
		8DFA630D271E04170026A422 /* Release */ = {
			isa = XCBuildConfiguration;
			buildSettings = {
				ALWAYS_EMBED_SWIFT_STANDARD_LIBRARIES = YES;
				BUNDLE_LOADER = "$(TEST_HOST)";
				CODE_SIGN_STYLE = Automatic;
				DEVELOPMENT_TEAM = E3FRN9JNGJ;
				INFOPLIST_FILE = InventoryTests/Info.plist;
				IPHONEOS_DEPLOYMENT_TARGET = 14.5;
				LD_RUNPATH_SEARCH_PATHS = (
					"$(inherited)",
					"@executable_path/Frameworks",
					"@loader_path/Frameworks",
				);
				PRODUCT_BUNDLE_IDENTIFIER = com.costoda.cblite.InventoryTests;
				PRODUCT_NAME = "$(TARGET_NAME)";
				SWIFT_VERSION = 5.0;
				TARGETED_DEVICE_FAMILY = "1,2";
				TEST_HOST = "$(BUILT_PRODUCTS_DIR)/Inventory.app/Inventory";
			};
			name = Release;
		};
		8DFA630F271E04170026A422 /* Debug */ = {
			isa = XCBuildConfiguration;
			buildSettings = {
				ALWAYS_EMBED_SWIFT_STANDARD_LIBRARIES = YES;
				CODE_SIGN_STYLE = Automatic;
				DEVELOPMENT_TEAM = E3FRN9JNGJ;
				INFOPLIST_FILE = InventoryUITests/Info.plist;
				LD_RUNPATH_SEARCH_PATHS = (
					"$(inherited)",
					"@executable_path/Frameworks",
					"@loader_path/Frameworks",
				);
				PRODUCT_BUNDLE_IDENTIFIER = com.costoda.cblite.InventoryUITests;
				PRODUCT_NAME = "$(TARGET_NAME)";
				SWIFT_VERSION = 5.0;
				TARGETED_DEVICE_FAMILY = "1,2";
				TEST_TARGET_NAME = Inventory;
			};
			name = Debug;
		};
		8DFA6310271E04170026A422 /* Release */ = {
			isa = XCBuildConfiguration;
			buildSettings = {
				ALWAYS_EMBED_SWIFT_STANDARD_LIBRARIES = YES;
				CODE_SIGN_STYLE = Automatic;
				DEVELOPMENT_TEAM = E3FRN9JNGJ;
				INFOPLIST_FILE = InventoryUITests/Info.plist;
				LD_RUNPATH_SEARCH_PATHS = (
					"$(inherited)",
					"@executable_path/Frameworks",
					"@loader_path/Frameworks",
				);
				PRODUCT_BUNDLE_IDENTIFIER = com.costoda.cblite.InventoryUITests;
				PRODUCT_NAME = "$(TARGET_NAME)";
				SWIFT_VERSION = 5.0;
				TARGETED_DEVICE_FAMILY = "1,2";
				TEST_TARGET_NAME = Inventory;
			};
			name = Release;
		};
/* End XCBuildConfiguration section */

/* Begin XCConfigurationList section */
		8DFA62D9271E04150026A422 /* Build configuration list for PBXProject "Inventory" */ = {
			isa = XCConfigurationList;
			buildConfigurations = (
				8DFA6306271E04170026A422 /* Debug */,
				8DFA6307271E04170026A422 /* Release */,
			);
			defaultConfigurationIsVisible = 0;
			defaultConfigurationName = Release;
		};
		8DFA6308271E04170026A422 /* Build configuration list for PBXNativeTarget "Inventory" */ = {
			isa = XCConfigurationList;
			buildConfigurations = (
				8DFA6309271E04170026A422 /* Debug */,
				8DFA630A271E04170026A422 /* Release */,
			);
			defaultConfigurationIsVisible = 0;
			defaultConfigurationName = Release;
		};
		8DFA630B271E04170026A422 /* Build configuration list for PBXNativeTarget "InventoryTests" */ = {
			isa = XCConfigurationList;
			buildConfigurations = (
				8DFA630C271E04170026A422 /* Debug */,
				8DFA630D271E04170026A422 /* Release */,
			);
			defaultConfigurationIsVisible = 0;
			defaultConfigurationName = Release;
		};
		8DFA630E271E04170026A422 /* Build configuration list for PBXNativeTarget "InventoryUITests" */ = {
			isa = XCConfigurationList;
			buildConfigurations = (
				8DFA630F271E04170026A422 /* Debug */,
				8DFA6310271E04170026A422 /* Release */,
			);
			defaultConfigurationIsVisible = 0;
			defaultConfigurationName = Release;
		};
/* End XCConfigurationList section */
	};
	rootObject = 8DFA62D6271E04150026A422 /* Project object */;
}
